
Microsoft Visual Studio Solution File, Format Version 12.00
# Visual Studio Version 17
VisualStudioVersion = 17.7.34009.444
MinimumVisualStudioVersion = 10.0.40219.1
Project("{FAE04EC0-301F-11D3-BF4B-00C04F79EFBC}") = "EFCoreConsoleApp", "EFCoreConsoleApp\EFCoreConsoleApp.csproj", "{80D74E1A-A4C8-443A-ACD3-21B0C307787D}"
EndProject
Global
	GlobalSection(SolutionConfigurationPlatforms) = preSolution
		Debug|Any CPU = Debug|Any CPU
		Release|Any CPU = Release|Any CPU
	EndGlobalSection
	GlobalSection(ProjectConfigurationPlatforms) = postSolution
		{80D74E1A-A4C8-443A-ACD3-21B0C307787D}.Debug|Any CPU.ActiveCfg = Debug|Any CPU
		{80D74E1A-A4C8-443A-ACD3-21B0C307787D}.Debug|Any CPU.Build.0 = Debug|Any CPU
		{80D74E1A-A4C8-443A-ACD3-21B0C307787D}.Release|Any CPU.ActiveCfg = Release|Any CPU
		{80D74E1A-A4C8-443A-ACD3-21B0C307787D}.Release|Any CPU.Build.0 = Release|Any CPU
	EndGlobalSection
	GlobalSection(SolutionProperties) = preSolution
		HideSolutionNode = FALSE
	EndGlobalSection
	GlobalSection(ExtensibilityGlobals) = postSolution
		SolutionGuid = {AE64577F-76EE-40AC-9C74-87562297E842}
	EndGlobalSection
EndGlobal
